
Microsoft Visual Studio Solution File, Format Version 12.00
# Visual Studio Version 16
VisualStudioVersion = 16.0.31205.134
MinimumVisualStudioVersion = 10.0.40219.1
Project("{F184B08F-C81C-45F6-A57F-5ABD9991F28F}") = "MetaView - Metadata Extractor", "MetaView - Metadata Extractor\MetaView - Metadata Extractor.vbproj", "{B91A9FE1-947E-463B-9031-301DFAA9B009}"
EndProject
Project("{54435603-DBB4-11D2-8724-00A0C9A8B90C}") = "MetaView - Metadata Extractor (Installer)", "MetaView - Metadata Extractor (Installer)\MetaView - Metadata Extractor (Installer).vdproj", "{680E7249-E365-408F-AA3E-A2163CD98ACA}"
EndProject
Global
	GlobalSection(SolutionConfigurationPlatforms) = preSolution
		Debug|Any CPU = Debug|Any CPU
		Release|Any CPU = Release|Any CPU
	EndGlobalSection
	GlobalSection(ProjectConfigurationPlatforms) = postSolution
		{B91A9FE1-947E-463B-9031-301DFAA9B009}.Debug|Any CPU.ActiveCfg = Debug|Any CPU
		{B91A9FE1-947E-463B-9031-301DFAA9B009}.Debug|Any CPU.Build.0 = Debug|Any CPU
		{B91A9FE1-947E-463B-9031-301DFAA9B009}.Release|Any CPU.ActiveCfg = Release|Any CPU
		{B91A9FE1-947E-463B-9031-301DFAA9B009}.Release|Any CPU.Build.0 = Release|Any CPU
		{680E7249-E365-408F-AA3E-A2163CD98ACA}.Debug|Any CPU.ActiveCfg = Debug
		{680E7249-E365-408F-AA3E-A2163CD98ACA}.Release|Any CPU.ActiveCfg = Release
	EndGlobalSection
	GlobalSection(SolutionProperties) = preSolution
		HideSolutionNode = FALSE
	EndGlobalSection
	GlobalSection(ExtensibilityGlobals) = postSolution
		SolutionGuid = {749C06B6-925D-4D27-87FA-13F82BFC111D}
	EndGlobalSection
EndGlobal
